
Microsoft Visual Studio Solution File, Format Version 12.00
# Visual Studio Version 16
VisualStudioVersion = 16.0.31220.234
MinimumVisualStudioVersion = 10.0.40219.1
Project("{FAE04EC0-301F-11D3-BF4B-00C04F79EFBC}") = "ConsoleApp2", "ConsoleApp2\ConsoleApp2.csproj", "{701AC057-E81A-4136-B63E-42F200FA0813}"
EndProject
Global
	GlobalSection(SolutionConfigurationPlatforms) = preSolution
		Debug|Any CPU = Debug|Any CPU
		Release|Any CPU = Release|Any CPU
	EndGlobalSection
	GlobalSection(ProjectConfigurationPlatforms) = postSolution
		{701AC057-E81A-4136-B63E-42F200FA0813}.Debug|Any CPU.ActiveCfg = Debug|Any CPU
		{701AC057-E81A-4136-B63E-42F200FA0813}.Debug|Any CPU.Build.0 = Debug|Any CPU
		{701AC057-E81A-4136-B63E-42F200FA0813}.Release|Any CPU.ActiveCfg = Release|Any CPU
		{701AC057-E81A-4136-B63E-42F200FA0813}.Release|Any CPU.Build.0 = Release|Any CPU
	EndGlobalSection
	GlobalSection(SolutionProperties) = preSolution
		HideSolutionNode = FALSE
	EndGlobalSection
	GlobalSection(ExtensibilityGlobals) = postSolution
		SolutionGuid = {5C48A5BB-C25B-432B-A8C2-0BB14ACBD798}
	EndGlobalSection
EndGlobal
